
Microsoft Visual Studio Solution File, Format Version 12.00
# Visual Studio 14
VisualStudioVersion = 14.0.23107.0
MinimumVisualStudioVersion = 10.0.40219.1
Project("{FAE04EC0-301F-11D3-BF4B-00C04F79EFBC}") = "AdmissionSystem", "AdmissionSystem\AdmissionSystem.csproj", "{98292230-4506-481B-8E7D-3D83D6F398BA}"
EndProject
Global
	GlobalSection(SolutionConfigurationPlatforms) = preSolution
		Debug|Any CPU = Debug|Any CPU
		Release|Any CPU = Release|Any CPU
	EndGlobalSection
	GlobalSection(ProjectConfigurationPlatforms) = postSolution
		{98292230-4506-481B-8E7D-3D83D6F398BA}.Debug|Any CPU.ActiveCfg = Debug|Any CPU
		{98292230-4506-481B-8E7D-3D83D6F398BA}.Debug|Any CPU.Build.0 = Debug|Any CPU
		{98292230-4506-481B-8E7D-3D83D6F398BA}.Release|Any CPU.ActiveCfg = Release|Any CPU
		{98292230-4506-481B-8E7D-3D83D6F398BA}.Release|Any CPU.Build.0 = Release|Any CPU
	EndGlobalSection
	GlobalSection(SolutionProperties) = preSolution
		HideSolutionNode = FALSE
	EndGlobalSection
EndGlobal
